dependencies:
- name: postgresql
  repository: https://charts.bitnami.com/bitnami
  version: 16.2.2
- name: redis
  repository: https://charts.bitnami.com/bitnami
  version: 20.3.0
digest: sha256:df99ce7c8b9b3c1cbf5ebf3e458db659bd52b1d2a769e43f211efef053fa5e3f
generated: "2024-11-22T00:30:20.637718293Z"
